
Microsoft Visual Studio Solution File, Format Version 11.00
# Visual Studio 2010
Project("{FAE04EC0-301F-11D3-BF4B-00C04F79EFBC}") = "Abalone", "AbaloneV4\Abalone\Abalone.csproj", "{0EDEF1CE-080B-4573-BAE5-CAE2ABF41835}"
EndProject
Project("{FAE04EC0-301F-11D3-BF4B-00C04F79EFBC}") = "AbaloneContent", "AbaloneV4\AbaloneContent\AbaloneContent.contentproj", "{89B6F34E-CB73-45DD-A665-20864A6B7206}"
EndProject
Project("{FAE04EC0-301F-11D3-BF4B-00C04F79EFBC}") = "EasyStorage [Windows]", "EasyStorage\EasyStorage [Windows].csproj", "{A89EB1D5-B286-48EB-A864-315ABCDAA024}"
EndProject
Project("{FAE04EC0-301F-11D3-BF4B-00C04F79EFBC}") = "EasyStorage [Xbox]", "EasyStorage\EasyStorage [Xbox].csproj", "{46C81A1E-8509-4B35-AE33-121730BDD910}"
EndProject
Global
	GlobalSection(SolutionConfigurationPlatforms) = preSolution
		Debug|Mixed Platforms = Debug|Mixed Platforms
		Debug|x86 = Debug|x86
		Debug|Xbox 360 = Debug|Xbox 360
		Release|Mixed Platforms = Release|Mixed Platforms
		Release|x86 = Release|x86
		Release|Xbox 360 = Release|Xbox 360
	EndGlobalSection
	GlobalSection(ProjectConfigurationPlatforms) = postSolution
		{0EDEF1CE-080B-4573-BAE5-CAE2ABF41835}.Debug|Mixed Platforms.ActiveCfg = Debug|x86
		{0EDEF1CE-080B-4573-BAE5-CAE2ABF41835}.Debug|Mixed Platforms.Build.0 = Debug|x86
		{0EDEF1CE-080B-4573-BAE5-CAE2ABF41835}.Debug|x86.ActiveCfg = Debug|x86
		{0EDEF1CE-080B-4573-BAE5-CAE2ABF41835}.Debug|x86.Build.0 = Debug|x86
		{0EDEF1CE-080B-4573-BAE5-CAE2ABF41835}.Debug|Xbox 360.ActiveCfg = Debug|x86
		{0EDEF1CE-080B-4573-BAE5-CAE2ABF41835}.Debug|Xbox 360.Build.0 = Debug|x86
		{0EDEF1CE-080B-4573-BAE5-CAE2ABF41835}.Release|Mixed Platforms.ActiveCfg = Release|x86
		{0EDEF1CE-080B-4573-BAE5-CAE2ABF41835}.Release|Mixed Platforms.Build.0 = Release|x86
		{0EDEF1CE-080B-4573-BAE5-CAE2ABF41835}.Release|x86.ActiveCfg = Release|x86
		{0EDEF1CE-080B-4573-BAE5-CAE2ABF41835}.Release|x86.Build.0 = Release|x86
		{0EDEF1CE-080B-4573-BAE5-CAE2ABF41835}.Release|Xbox 360.ActiveCfg = Release|x86
		{0EDEF1CE-080B-4573-BAE5-CAE2ABF41835}.Release|Xbox 360.Build.0 = Release|x86
		{89B6F34E-CB73-45DD-A665-20864A6B7206}.Debug|Mixed Platforms.ActiveCfg = Debug|x86
		{89B6F34E-CB73-45DD-A665-20864A6B7206}.Debug|x86.ActiveCfg = Debug|x86
		{89B6F34E-CB73-45DD-A665-20864A6B7206}.Debug|Xbox 360.ActiveCfg = Debug|x86
		{89B6F34E-CB73-45DD-A665-20864A6B7206}.Release|Mixed Platforms.ActiveCfg = Release|x86
		{89B6F34E-CB73-45DD-A665-20864A6B7206}.Release|x86.ActiveCfg = Release|x86
		{89B6F34E-CB73-45DD-A665-20864A6B7206}.Release|Xbox 360.ActiveCfg = Release|x86
		{A89EB1D5-B286-48EB-A864-315ABCDAA024}.Debug|Mixed Platforms.ActiveCfg = Debug|x86
		{A89EB1D5-B286-48EB-A864-315ABCDAA024}.Debug|Mixed Platforms.Build.0 = Debug|x86
		{A89EB1D5-B286-48EB-A864-315ABCDAA024}.Debug|x86.ActiveCfg = Debug|x86
		{A89EB1D5-B286-48EB-A864-315ABCDAA024}.Debug|x86.Build.0 = Debug|x86
		{A89EB1D5-B286-48EB-A864-315ABCDAA024}.Debug|Xbox 360.ActiveCfg = Debug|x86
		{A89EB1D5-B286-48EB-A864-315ABCDAA024}.Debug|Xbox 360.Build.0 = Debug|x86
		{A89EB1D5-B286-48EB-A864-315ABCDAA024}.Release|Mixed Platforms.ActiveCfg = Release|x86
		{A89EB1D5-B286-48EB-A864-315ABCDAA024}.Release|Mixed Platforms.Build.0 = Release|x86
		{A89EB1D5-B286-48EB-A864-315ABCDAA024}.Release|x86.ActiveCfg = Release|x86
		{A89EB1D5-B286-48EB-A864-315ABCDAA024}.Release|x86.Build.0 = Release|x86
		{A89EB1D5-B286-48EB-A864-315ABCDAA024}.Release|Xbox 360.ActiveCfg = Release|x86
		{A89EB1D5-B286-48EB-A864-315ABCDAA024}.Release|Xbox 360.Build.0 = Release|x86
		{46C81A1E-8509-4B35-AE33-121730BDD910}.Debug|Mixed Platforms.ActiveCfg = Debug|Xbox 360
		{46C81A1E-8509-4B35-AE33-121730BDD910}.Debug|Mixed Platforms.Build.0 = Debug|Xbox 360
		{46C81A1E-8509-4B35-AE33-121730BDD910}.Debug|x86.ActiveCfg = Debug|Xbox 360
		{46C81A1E-8509-4B35-AE33-121730BDD910}.Debug|Xbox 360.ActiveCfg = Debug|Xbox 360
		{46C81A1E-8509-4B35-AE33-121730BDD910}.Debug|Xbox 360.Build.0 = Debug|Xbox 360
		{46C81A1E-8509-4B35-AE33-121730BDD910}.Release|Mixed Platforms.ActiveCfg = Release|Xbox 360
		{46C81A1E-8509-4B35-AE33-121730BDD910}.Release|Mixed Platforms.Build.0 = Release|Xbox 360
		{46C81A1E-8509-4B35-AE33-121730BDD910}.Release|x86.ActiveCfg = Release|Xbox 360
		{46C81A1E-8509-4B35-AE33-121730BDD910}.Release|Xbox 360.ActiveCfg = Release|Xbox 360
		{46C81A1E-8509-4B35-AE33-121730BDD910}.Release|Xbox 360.Build.0 = Release|Xbox 360
	EndGlobalSection
	GlobalSection(SolutionProperties) = preSolution
		HideSolutionNode = FALSE
	EndGlobalSection
EndGlobal
