
Microsoft Visual Studio Solution File, Format Version 11.00
# Visual Studio 2010
Project("{FAE04EC0-301F-11D3-BF4B-00C04F79EFBC}") = "AbaloneV2", "AbaloneV2\AbaloneV2\AbaloneV2.csproj", "{C30D7648-0575-43EC-AFBA-0AEAB78B2085}"
EndProject
Project("{FAE04EC0-301F-11D3-BF4B-00C04F79EFBC}") = "AbaloneV2Content", "AbaloneV2\AbaloneV2Content\AbaloneV2Content.contentproj", "{9D0A217F-80E9-4CBF-A3C3-7ED464A8C661}"
EndProject
Project("{FAE04EC0-301F-11D3-BF4B-00C04F79EFBC}") = "EasyStorage [Xbox]", "EasyStorage\EasyStorage [Xbox].csproj", "{46C81A1E-8509-4B35-AE33-121730BDD910}"
EndProject
Project("{FAE04EC0-301F-11D3-BF4B-00C04F79EFBC}") = "EasyStorage [Windows]", "EasyStorage\EasyStorage [Windows].csproj", "{A89EB1D5-B286-48EB-A864-315ABCDAA024}"
EndProject
Global
	GlobalSection(SolutionConfigurationPlatforms) = preSolution
		Debug|Mixed Platforms = Debug|Mixed Platforms
		Debug|x86 = Debug|x86
		Debug|Xbox 360 = Debug|Xbox 360
		Release|Mixed Platforms = Release|Mixed Platforms
		Release|x86 = Release|x86
		Release|Xbox 360 = Release|Xbox 360
	EndGlobalSection
	GlobalSection(ProjectConfigurationPlatforms) = postSolution
		{C30D7648-0575-43EC-AFBA-0AEAB78B2085}.Debug|Mixed Platforms.ActiveCfg = Debug|x86
		{C30D7648-0575-43EC-AFBA-0AEAB78B2085}.Debug|Mixed Platforms.Build.0 = Debug|x86
		{C30D7648-0575-43EC-AFBA-0AEAB78B2085}.Debug|x86.ActiveCfg = Debug|x86
		{C30D7648-0575-43EC-AFBA-0AEAB78B2085}.Debug|x86.Build.0 = Debug|x86
		{C30D7648-0575-43EC-AFBA-0AEAB78B2085}.Debug|Xbox 360.ActiveCfg = Debug|x86
		{C30D7648-0575-43EC-AFBA-0AEAB78B2085}.Debug|Xbox 360.Build.0 = Debug|x86
		{C30D7648-0575-43EC-AFBA-0AEAB78B2085}.Release|Mixed Platforms.ActiveCfg = Release|x86
		{C30D7648-0575-43EC-AFBA-0AEAB78B2085}.Release|Mixed Platforms.Build.0 = Release|x86
		{C30D7648-0575-43EC-AFBA-0AEAB78B2085}.Release|x86.ActiveCfg = Release|x86
		{C30D7648-0575-43EC-AFBA-0AEAB78B2085}.Release|x86.Build.0 = Release|x86
		{C30D7648-0575-43EC-AFBA-0AEAB78B2085}.Release|Xbox 360.ActiveCfg = Release|x86
		{C30D7648-0575-43EC-AFBA-0AEAB78B2085}.Release|Xbox 360.Build.0 = Release|x86
		{9D0A217F-80E9-4CBF-A3C3-7ED464A8C661}.Debug|Mixed Platforms.ActiveCfg = Debug|x86
		{9D0A217F-80E9-4CBF-A3C3-7ED464A8C661}.Debug|x86.ActiveCfg = Debug|x86
		{9D0A217F-80E9-4CBF-A3C3-7ED464A8C661}.Debug|Xbox 360.ActiveCfg = Debug|x86
		{9D0A217F-80E9-4CBF-A3C3-7ED464A8C661}.Release|Mixed Platforms.ActiveCfg = Release|x86
		{9D0A217F-80E9-4CBF-A3C3-7ED464A8C661}.Release|x86.ActiveCfg = Release|x86
		{9D0A217F-80E9-4CBF-A3C3-7ED464A8C661}.Release|Xbox 360.ActiveCfg = Release|x86
		{46C81A1E-8509-4B35-AE33-121730BDD910}.Debug|Mixed Platforms.ActiveCfg = Debug|Xbox 360
		{46C81A1E-8509-4B35-AE33-121730BDD910}.Debug|Mixed Platforms.Build.0 = Debug|Xbox 360
		{46C81A1E-8509-4B35-AE33-121730BDD910}.Debug|x86.ActiveCfg = Debug|Xbox 360
		{46C81A1E-8509-4B35-AE33-121730BDD910}.Debug|Xbox 360.ActiveCfg = Debug|Xbox 360
		{46C81A1E-8509-4B35-AE33-121730BDD910}.Debug|Xbox 360.Build.0 = Debug|Xbox 360
		{46C81A1E-8509-4B35-AE33-121730BDD910}.Release|Mixed Platforms.ActiveCfg = Release|Xbox 360
		{46C81A1E-8509-4B35-AE33-121730BDD910}.Release|Mixed Platforms.Build.0 = Release|Xbox 360
		{46C81A1E-8509-4B35-AE33-121730BDD910}.Release|x86.ActiveCfg = Release|Xbox 360
		{46C81A1E-8509-4B35-AE33-121730BDD910}.Release|Xbox 360.ActiveCfg = Release|Xbox 360
		{46C81A1E-8509-4B35-AE33-121730BDD910}.Release|Xbox 360.Build.0 = Release|Xbox 360
		{A89EB1D5-B286-48EB-A864-315ABCDAA024}.Debug|Mixed Platforms.ActiveCfg = Debug|x86
		{A89EB1D5-B286-48EB-A864-315ABCDAA024}.Debug|Mixed Platforms.Build.0 = Debug|x86
		{A89EB1D5-B286-48EB-A864-315ABCDAA024}.Debug|x86.ActiveCfg = Debug|x86
		{A89EB1D5-B286-48EB-A864-315ABCDAA024}.Debug|x86.Build.0 = Debug|x86
		{A89EB1D5-B286-48EB-A864-315ABCDAA024}.Debug|Xbox 360.ActiveCfg = Debug|x86
		{A89EB1D5-B286-48EB-A864-315ABCDAA024}.Release|Mixed Platforms.ActiveCfg = Release|x86
		{A89EB1D5-B286-48EB-A864-315ABCDAA024}.Release|Mixed Platforms.Build.0 = Release|x86
		{A89EB1D5-B286-48EB-A864-315ABCDAA024}.Release|x86.ActiveCfg = Release|x86
		{A89EB1D5-B286-48EB-A864-315ABCDAA024}.Release|x86.Build.0 = Release|x86
		{A89EB1D5-B286-48EB-A864-315ABCDAA024}.Release|Xbox 360.ActiveCfg = Release|x86
	EndGlobalSection
	GlobalSection(SolutionProperties) = preSolution
		HideSolutionNode = FALSE
	EndGlobalSection
EndGlobal
